// !$*UTF8*$!
{
	archiveVersion = 1;
	classes = {
	};
	objectVersion = 56;
	objects = {

/* Begin PBXBuildFile section */
		67021E652A83CBB100B47A6B /* AddCoordinator.swift in Sources */ = {isa = PBXBuildFile; fileRef = 67021E642A83CBB100B47A6B /* AddCoordinator.swift */; };
		67021E672A83CBCD00B47A6B /* AddStep1ViewController.swift in Sources */ = {isa = PBXBuildFile; fileRef = 67021E662A83CBCD00B47A6B /* AddStep1ViewController.swift */; };
		67021E692A83CBDE00B47A6B /* AddStep1ViewModel.swift in Sources */ = {isa = PBXBuildFile; fileRef = 67021E682A83CBDE00B47A6B /* AddStep1ViewModel.swift */; };
		6759875C2A892BA400910DCF /* AddStep3ViewController.swift in Sources */ = {isa = PBXBuildFile; fileRef = 6759875B2A892BA400910DCF /* AddStep3ViewController.swift */; };
		678025312A95086A004123AA /* ChartView.swift in Sources */ = {isa = PBXBuildFile; fileRef = 678025302A95086A004123AA /* ChartView.swift */; };
		67CFE3D32A88FBB70085DA40 /* AddStep2ViewController.swift in Sources */ = {isa = PBXBuildFile; fileRef = 67CFE3D22A88FBB70085DA40 /* AddStep2ViewController.swift */; };
		67CFE3D52A8903D60085DA40 /* CategoryButtonCell.swift in Sources */ = {isa = PBXBuildFile; fileRef = 67CFE3D42A8903D60085DA40 /* CategoryButtonCell.swift */; };
		67E7DB492A8134C200C33988 /* Constants.swift in Sources */ = {isa = PBXBuildFile; fileRef = 67E7DB482A8134C200C33988 /* Constants.swift */; };
		67E7DB4B2A8134CE00C33988 /* Extensions.swift in Sources */ = {isa = PBXBuildFile; fileRef = 67E7DB4A2A8134CE00C33988 /* Extensions.swift */; };
		67E7DB4D2A8134D800C33988 /* Fonts.swift in Sources */ = {isa = PBXBuildFile; fileRef = 67E7DB4C2A8134D800C33988 /* Fonts.swift */; };
		67E7DB512A81356A00C33988 /* Repository.swift in Sources */ = {isa = PBXBuildFile; fileRef = 67E7DB502A81356A00C33988 /* Repository.swift */; };
		67E7DB532A81357100C33988 /* Network.swift in Sources */ = {isa = PBXBuildFile; fileRef = 67E7DB522A81357100C33988 /* Network.swift */; };
		67E7DB5A2A8135FB00C33988 /* Entity.swift in Sources */ = {isa = PBXBuildFile; fileRef = 67E7DB592A8135FB00C33988 /* Entity.swift */; };
		67E7DB5C2A81360400C33988 /* UseCase.swift in Sources */ = {isa = PBXBuildFile; fileRef = 67E7DB5B2A81360400C33988 /* UseCase.swift */; };
		67E7DB5E2A81360A00C33988 /* Interface.swift in Sources */ = {isa = PBXBuildFile; fileRef = 67E7DB5D2A81360A00C33988 /* Interface.swift */; };
		67E7DB602A81363200C33988 /* NetworkService.swift in Sources */ = {isa = PBXBuildFile; fileRef = 67E7DB5F2A81363200C33988 /* NetworkService.swift */; };
		67E7DB622A8136CF00C33988 /* LoginViewController.swift in Sources */ = {isa = PBXBuildFile; fileRef = 67E7DB612A8136CF00C33988 /* LoginViewController.swift */; };
		67E7DB642A8136DF00C33988 /* CalenderViewController.swift in Sources */ = {isa = PBXBuildFile; fileRef = 67E7DB632A8136DF00C33988 /* CalenderViewController.swift */; };
		67E7DB662A8136EA00C33988 /* ChartViewController.swift in Sources */ = {isa = PBXBuildFile; fileRef = 67E7DB652A8136EA00C33988 /* ChartViewController.swift */; };
		67E7DB682A81370600C33988 /* FeedViewController.swift in Sources */ = {isa = PBXBuildFile; fileRef = 67E7DB672A81370600C33988 /* FeedViewController.swift */; };
		67E7DB6E2A81378400C33988 /* LoginCoordinator.swift in Sources */ = {isa = PBXBuildFile; fileRef = 67E7DB6D2A81378400C33988 /* LoginCoordinator.swift */; };
		67E7DB702A81379F00C33988 /* LoginViewModel.swift in Sources */ = {isa = PBXBuildFile; fileRef = 67E7DB6F2A81379F00C33988 /* LoginViewModel.swift */; };
		67E7DB7E2A81380500C33988 /* CalenderCoordinator.swift in Sources */ = {isa = PBXBuildFile; fileRef = 67E7DB7D2A81380500C33988 /* CalenderCoordinator.swift */; };
		67E7DB802A81381300C33988 /* ChartCoordinator.swift in Sources */ = {isa = PBXBuildFile; fileRef = 67E7DB7F2A81381300C33988 /* ChartCoordinator.swift */; };
		67E7DB822A81382100C33988 /* FeedCoordinator.swift in Sources */ = {isa = PBXBuildFile; fileRef = 67E7DB812A81382100C33988 /* FeedCoordinator.swift */; };
		67E7DB842A81383C00C33988 /* MyPageCoordinator.swift in Sources */ = {isa = PBXBuildFile; fileRef = 67E7DB832A81383C00C33988 /* MyPageCoordinator.swift */; };
		67E7DB872A81386B00C33988 /* CalenderViewModel.swift in Sources */ = {isa = PBXBuildFile; fileRef = 67E7DB862A81386B00C33988 /* CalenderViewModel.swift */; };
		67E7DB8A2A81389C00C33988 /* ChartViewModel.swift in Sources */ = {isa = PBXBuildFile; fileRef = 67E7DB892A81389C00C33988 /* ChartViewModel.swift */; };
		67E7DB8D2A8138BD00C33988 /* FeedViewModel.swift in Sources */ = {isa = PBXBuildFile; fileRef = 67E7DB8C2A8138BD00C33988 /* FeedViewModel.swift */; };
		67E7DB902A8138D600C33988 /* MyPageViewModel.swift in Sources */ = {isa = PBXBuildFile; fileRef = 67E7DB8F2A8138D600C33988 /* MyPageViewModel.swift */; };
		67E7DB922A8138EB00C33988 /* MyPageViewController.swift in Sources */ = {isa = PBXBuildFile; fileRef = 67E7DB912A8138EB00C33988 /* MyPageViewController.swift */; };
		67E7DB982A81420400C33988 /* .swiftlint.yml in Resources */ = {isa = PBXBuildFile; fileRef = 67E7DB972A81420400C33988 /* .swiftlint.yml */; };
		67F92E2A2A8A0DA60087B2C5 /* TempViewController.swift in Sources */ = {isa = PBXBuildFile; fileRef = 67F92E292A8A0DA60087B2C5 /* TempViewController.swift */; };
		800F42602A794A6D00ACD6C1 /* AppDelegate.swift in Sources */ = {isa = PBXBuildFile; fileRef = 800F425F2A794A6D00ACD6C1 /* AppDelegate.swift */; };
		800F42622A794A6D00ACD6C1 /* SceneDelegate.swift in Sources */ = {isa = PBXBuildFile; fileRef = 800F42612A794A6D00ACD6C1 /* SceneDelegate.swift */; };
		800F426A2A794A6D00ACD6C1 /* SoSoHappy.xcdatamodeld in Sources */ = {isa = PBXBuildFile; fileRef = 800F42682A794A6D00ACD6C1 /* SoSoHappy.xcdatamodeld */; };
		800F426C2A794A6E00ACD6C1 /* Assets.xcassets in Resources */ = {isa = PBXBuildFile; fileRef = 800F426B2A794A6E00ACD6C1 /* Assets.xcassets */; };
		800F426F2A794A6E00ACD6C1 /* LaunchScreen.storyboard in Resources */ = {isa = PBXBuildFile; fileRef = 800F426D2A794A6E00ACD6C1 /* LaunchScreen.storyboard */; };
		800F427A2A794A6E00ACD6C1 /* SoSoHappyTests.swift in Sources */ = {isa = PBXBuildFile; fileRef = 800F42792A794A6E00ACD6C1 /* SoSoHappyTests.swift */; };
		800F42842A794A6E00ACD6C1 /* SoSoHappyUITests.swift in Sources */ = {isa = PBXBuildFile; fileRef = 800F42832A794A6E00ACD6C1 /* SoSoHappyUITests.swift */; };
		800F42862A794A6E00ACD6C1 /* SoSoHappyUITestsLaunchTests.swift in Sources */ = {isa = PBXBuildFile; fileRef = 800F42852A794A6E00ACD6C1 /* SoSoHappyUITestsLaunchTests.swift */; };
		95CD8F452C84AA68F6A39CB1 /* Pods_SoSoHappy.framework in Frameworks */ = {isa = PBXBuildFile; fileRef = 53A070A28B2E12994EC2AD3B /* Pods_SoSoHappy.framework */; };
		BC4F75E815ED2034B08C4A3D /* Pods_SoSoHappy_SoSoHappyUITests.framework in Frameworks */ = {isa = PBXBuildFile; fileRef = 156D7DDF0B930D4B4C610CF5 /* Pods_SoSoHappy_SoSoHappyUITests.framework */; };
		ED895826FBFB47C3CFCC8DEB /* Pods_SoSoHappyTests.framework in Frameworks */ = {isa = PBXBuildFile; fileRef = B5DC235D55E769BC9680AB7B /* Pods_SoSoHappyTests.framework */; };
/* End PBXBuildFile section */

/* Begin PBXContainerItemProxy section */
		800F42762A794A6E00ACD6C1 /* PBXContainerItemProxy */ = {
			isa = PBXContainerItemProxy;
			containerPortal = 800F42542A794A6D00ACD6C1 /* Project object */;
			proxyType = 1;
			remoteGlobalIDString = 800F425B2A794A6D00ACD6C1;
			remoteInfo = SoSoHappy;
		};
		800F42802A794A6E00ACD6C1 /* PBXContainerItemProxy */ = {
			isa = PBXContainerItemProxy;
			containerPortal = 800F42542A794A6D00ACD6C1 /* Project object */;
			proxyType = 1;
			remoteGlobalIDString = 800F425B2A794A6D00ACD6C1;
			remoteInfo = SoSoHappy;
		};
/* End PBXContainerItemProxy section */

/* Begin PBXFileReference section */
		0221220CF2CBAF485AFDD068 /* Pods-SoSoHappyTests.debug.xcconfig */ = {isa = PBXFileReference; includeInIndex = 1; lastKnownFileType = text.xcconfig; name = "Pods-SoSoHappyTests.debug.xcconfig"; path = "Target Support Files/Pods-SoSoHappyTests/Pods-SoSoHappyTests.debug.xcconfig"; sourceTree = "<group>"; };
		156D7DDF0B930D4B4C610CF5 /* Pods_SoSoHappy_SoSoHappyUITests.framework */ = {isa = PBXFileReference; explicitFileType = wrapper.framework; includeInIndex = 0; path = Pods_SoSoHappy_SoSoHappyUITests.framework; sourceTree = BUILT_PRODUCTS_DIR; };
		3624E46CDE91D314776E6354 /* Pods-SoSoHappy-SoSoHappyUITests.debug.xcconfig */ = {isa = PBXFileReference; includeInIndex = 1; lastKnownFileType = text.xcconfig; name = "Pods-SoSoHappy-SoSoHappyUITests.debug.xcconfig"; path = "Target Support Files/Pods-SoSoHappy-SoSoHappyUITests/Pods-SoSoHappy-SoSoHappyUITests.debug.xcconfig"; sourceTree = "<group>"; };
		428FE8BD01B9608136F32DAF /* Pods-SoSoHappy.debug.xcconfig */ = {isa = PBXFileReference; includeInIndex = 1; lastKnownFileType = text.xcconfig; name = "Pods-SoSoHappy.debug.xcconfig"; path = "Target Support Files/Pods-SoSoHappy/Pods-SoSoHappy.debug.xcconfig"; sourceTree = "<group>"; };
		53A070A28B2E12994EC2AD3B /* Pods_SoSoHappy.framework */ = {isa = PBXFileReference; explicitFileType = wrapper.framework; includeInIndex = 0; path = Pods_SoSoHappy.framework; sourceTree = BUILT_PRODUCTS_DIR; };
		67021E642A83CBB100B47A6B /* AddCoordinator.swift */ = {isa = PBXFileReference; lastKnownFileType = sourcecode.swift; path = AddCoordinator.swift; sourceTree = "<group>"; };
		67021E662A83CBCD00B47A6B /* AddStep1ViewController.swift */ = {isa = PBXFileReference; lastKnownFileType = sourcecode.swift; path = AddStep1ViewController.swift; sourceTree = "<group>"; };
		67021E682A83CBDE00B47A6B /* AddStep1ViewModel.swift */ = {isa = PBXFileReference; lastKnownFileType = sourcecode.swift; path = AddStep1ViewModel.swift; sourceTree = "<group>"; };
		6759875B2A892BA400910DCF /* AddStep3ViewController.swift */ = {isa = PBXFileReference; lastKnownFileType = sourcecode.swift; path = AddStep3ViewController.swift; sourceTree = "<group>"; };
		678025302A95086A004123AA /* ChartView.swift */ = {isa = PBXFileReference; lastKnownFileType = sourcecode.swift; path = ChartView.swift; sourceTree = "<group>"; };
		67CFE3D22A88FBB70085DA40 /* AddStep2ViewController.swift */ = {isa = PBXFileReference; lastKnownFileType = sourcecode.swift; path = AddStep2ViewController.swift; sourceTree = "<group>"; };
		67CFE3D42A8903D60085DA40 /* CategoryButtonCell.swift */ = {isa = PBXFileReference; lastKnownFileType = sourcecode.swift; path = CategoryButtonCell.swift; sourceTree = "<group>"; };
		67E7DB482A8134C200C33988 /* Constants.swift */ = {isa = PBXFileReference; lastKnownFileType = sourcecode.swift; path = Constants.swift; sourceTree = "<group>"; };
		67E7DB4A2A8134CE00C33988 /* Extensions.swift */ = {isa = PBXFileReference; lastKnownFileType = sourcecode.swift; path = Extensions.swift; sourceTree = "<group>"; };
		67E7DB4C2A8134D800C33988 /* Fonts.swift */ = {isa = PBXFileReference; lastKnownFileType = sourcecode.swift; path = Fonts.swift; sourceTree = "<group>"; };
		67E7DB502A81356A00C33988 /* Repository.swift */ = {isa = PBXFileReference; lastKnownFileType = sourcecode.swift; path = Repository.swift; sourceTree = "<group>"; };
		67E7DB522A81357100C33988 /* Network.swift */ = {isa = PBXFileReference; lastKnownFileType = sourcecode.swift; path = Network.swift; sourceTree = "<group>"; };
		67E7DB592A8135FB00C33988 /* Entity.swift */ = {isa = PBXFileReference; lastKnownFileType = sourcecode.swift; path = Entity.swift; sourceTree = "<group>"; };
		67E7DB5B2A81360400C33988 /* UseCase.swift */ = {isa = PBXFileReference; lastKnownFileType = sourcecode.swift; path = UseCase.swift; sourceTree = "<group>"; };
		67E7DB5D2A81360A00C33988 /* Interface.swift */ = {isa = PBXFileReference; lastKnownFileType = sourcecode.swift; path = Interface.swift; sourceTree = "<group>"; };
		67E7DB5F2A81363200C33988 /* NetworkService.swift */ = {isa = PBXFileReference; lastKnownFileType = sourcecode.swift; path = NetworkService.swift; sourceTree = "<group>"; };
		67E7DB612A8136CF00C33988 /* LoginViewController.swift */ = {isa = PBXFileReference; lastKnownFileType = sourcecode.swift; path = LoginViewController.swift; sourceTree = "<group>"; };
		67E7DB632A8136DF00C33988 /* CalenderViewController.swift */ = {isa = PBXFileReference; lastKnownFileType = sourcecode.swift; path = CalenderViewController.swift; sourceTree = "<group>"; };
		67E7DB652A8136EA00C33988 /* ChartViewController.swift */ = {isa = PBXFileReference; lastKnownFileType = sourcecode.swift; path = ChartViewController.swift; sourceTree = "<group>"; };
		67E7DB672A81370600C33988 /* FeedViewController.swift */ = {isa = PBXFileReference; lastKnownFileType = sourcecode.swift; path = FeedViewController.swift; sourceTree = "<group>"; };
		67E7DB6D2A81378400C33988 /* LoginCoordinator.swift */ = {isa = PBXFileReference; lastKnownFileType = sourcecode.swift; path = LoginCoordinator.swift; sourceTree = "<group>"; };
		67E7DB6F2A81379F00C33988 /* LoginViewModel.swift */ = {isa = PBXFileReference; lastKnownFileType = sourcecode.swift; path = LoginViewModel.swift; sourceTree = "<group>"; };
		67E7DB7D2A81380500C33988 /* CalenderCoordinator.swift */ = {isa = PBXFileReference; lastKnownFileType = sourcecode.swift; path = CalenderCoordinator.swift; sourceTree = "<group>"; };
		67E7DB7F2A81381300C33988 /* ChartCoordinator.swift */ = {isa = PBXFileReference; lastKnownFileType = sourcecode.swift; path = ChartCoordinator.swift; sourceTree = "<group>"; };
		67E7DB812A81382100C33988 /* FeedCoordinator.swift */ = {isa = PBXFileReference; lastKnownFileType = sourcecode.swift; path = FeedCoordinator.swift; sourceTree = "<group>"; };
		67E7DB832A81383C00C33988 /* MyPageCoordinator.swift */ = {isa = PBXFileReference; lastKnownFileType = sourcecode.swift; path = MyPageCoordinator.swift; sourceTree = "<group>"; };
		67E7DB862A81386B00C33988 /* CalenderViewModel.swift */ = {isa = PBXFileReference; lastKnownFileType = sourcecode.swift; path = CalenderViewModel.swift; sourceTree = "<group>"; };
		67E7DB892A81389C00C33988 /* ChartViewModel.swift */ = {isa = PBXFileReference; lastKnownFileType = sourcecode.swift; path = ChartViewModel.swift; sourceTree = "<group>"; };
		67E7DB8C2A8138BD00C33988 /* FeedViewModel.swift */ = {isa = PBXFileReference; lastKnownFileType = sourcecode.swift; path = FeedViewModel.swift; sourceTree = "<group>"; };
		67E7DB8F2A8138D600C33988 /* MyPageViewModel.swift */ = {isa = PBXFileReference; lastKnownFileType = sourcecode.swift; path = MyPageViewModel.swift; sourceTree = "<group>"; };
		67E7DB912A8138EB00C33988 /* MyPageViewController.swift */ = {isa = PBXFileReference; lastKnownFileType = sourcecode.swift; path = MyPageViewController.swift; sourceTree = "<group>"; };
		67E7DB972A81420400C33988 /* .swiftlint.yml */ = {isa = PBXFileReference; lastKnownFileType = text.yaml; path = .swiftlint.yml; sourceTree = "<group>"; };
		67F92E292A8A0DA60087B2C5 /* TempViewController.swift */ = {isa = PBXFileReference; lastKnownFileType = sourcecode.swift; path = TempViewController.swift; sourceTree = "<group>"; };
		6DC1BDE15A0D4BC10A1AB242 /* Pods-SoSoHappy.release.xcconfig */ = {isa = PBXFileReference; includeInIndex = 1; lastKnownFileType = text.xcconfig; name = "Pods-SoSoHappy.release.xcconfig"; path = "Target Support Files/Pods-SoSoHappy/Pods-SoSoHappy.release.xcconfig"; sourceTree = "<group>"; };
		800F425C2A794A6D00ACD6C1 /* SoSoHappy.app */ = {isa = PBXFileReference; explicitFileType = wrapper.application; includeInIndex = 0; path = SoSoHappy.app; sourceTree = BUILT_PRODUCTS_DIR; };
		800F425F2A794A6D00ACD6C1 /* AppDelegate.swift */ = {isa = PBXFileReference; lastKnownFileType = sourcecode.swift; path = AppDelegate.swift; sourceTree = "<group>"; };
		800F42612A794A6D00ACD6C1 /* SceneDelegate.swift */ = {isa = PBXFileReference; lastKnownFileType = sourcecode.swift; path = SceneDelegate.swift; sourceTree = "<group>"; };
		800F42692A794A6D00ACD6C1 /* SoSoHappy.xcdatamodel */ = {isa = PBXFileReference; lastKnownFileType = wrapper.xcdatamodel; path = SoSoHappy.xcdatamodel; sourceTree = "<group>"; };
		800F426B2A794A6E00ACD6C1 /* Assets.xcassets */ = {isa = PBXFileReference; lastKnownFileType = folder.assetcatalog; path = Assets.xcassets; sourceTree = "<group>"; };
		800F426E2A794A6E00ACD6C1 /* Base */ = {isa = PBXFileReference; lastKnownFileType = file.storyboard; name = Base; path = Base.lproj/LaunchScreen.storyboard; sourceTree = "<group>"; };
		800F42702A794A6E00ACD6C1 /* Info.plist */ = {isa = PBXFileReference; lastKnownFileType = text.plist.xml; path = Info.plist; sourceTree = "<group>"; };
		800F42752A794A6E00ACD6C1 /* SoSoHappyTests.xctest */ = {isa = PBXFileReference; explicitFileType = wrapper.cfbundle; includeInIndex = 0; path = SoSoHappyTests.xctest; sourceTree = BUILT_PRODUCTS_DIR; };
		800F42792A794A6E00ACD6C1 /* SoSoHappyTests.swift */ = {isa = PBXFileReference; lastKnownFileType = sourcecode.swift; path = SoSoHappyTests.swift; sourceTree = "<group>"; };
		800F427F2A794A6E00ACD6C1 /* SoSoHappyUITests.xctest */ = {isa = PBXFileReference; explicitFileType = wrapper.cfbundle; includeInIndex = 0; path = SoSoHappyUITests.xctest; sourceTree = BUILT_PRODUCTS_DIR; };
		800F42832A794A6E00ACD6C1 /* SoSoHappyUITests.swift */ = {isa = PBXFileReference; lastKnownFileType = sourcecode.swift; path = SoSoHappyUITests.swift; sourceTree = "<group>"; };
		800F42852A794A6E00ACD6C1 /* SoSoHappyUITestsLaunchTests.swift */ = {isa = PBXFileReference; lastKnownFileType = sourcecode.swift; path = SoSoHappyUITestsLaunchTests.swift; sourceTree = "<group>"; };
		B5DC235D55E769BC9680AB7B /* Pods_SoSoHappyTests.framework */ = {isa = PBXFileReference; explicitFileType = wrapper.framework; includeInIndex = 0; path = Pods_SoSoHappyTests.framework; sourceTree = BUILT_PRODUCTS_DIR; };
		C1A10A6A8627C888A1452131 /* Pods-SoSoHappy-SoSoHappyUITests.release.xcconfig */ = {isa = PBXFileReference; includeInIndex = 1; lastKnownFileType = text.xcconfig; name = "Pods-SoSoHappy-SoSoHappyUITests.release.xcconfig"; path = "Target Support Files/Pods-SoSoHappy-SoSoHappyUITests/Pods-SoSoHappy-SoSoHappyUITests.release.xcconfig"; sourceTree = "<group>"; };
		DFFE590A085245A37A280AE1 /* Pods-SoSoHappyTests.release.xcconfig */ = {isa = PBXFileReference; includeInIndex = 1; lastKnownFileType = text.xcconfig; name = "Pods-SoSoHappyTests.release.xcconfig"; path = "Target Support Files/Pods-SoSoHappyTests/Pods-SoSoHappyTests.release.xcconfig"; sourceTree = "<group>"; };
/* End PBXFileReference section */

/* Begin PBXFrameworksBuildPhase section */
		800F42592A794A6D00ACD6C1 /* Frameworks */ = {
			isa = PBXFrameworksBuildPhase;
			buildActionMask = 2147483647;
			files = (
				95CD8F452C84AA68F6A39CB1 /* Pods_SoSoHappy.framework in Frameworks */,
			);
			runOnlyForDeploymentPostprocessing = 0;
		};
		800F42722A794A6E00ACD6C1 /* Frameworks */ = {
			isa = PBXFrameworksBuildPhase;
			buildActionMask = 2147483647;
			files = (
				ED895826FBFB47C3CFCC8DEB /* Pods_SoSoHappyTests.framework in Frameworks */,
			);
			runOnlyForDeploymentPostprocessing = 0;
		};
		800F427C2A794A6E00ACD6C1 /* Frameworks */ = {
			isa = PBXFrameworksBuildPhase;
			buildActionMask = 2147483647;
			files = (
				BC4F75E815ED2034B08C4A3D /* Pods_SoSoHappy_SoSoHappyUITests.framework in Frameworks */,
			);
			runOnlyForDeploymentPostprocessing = 0;
		};
/* End PBXFrameworksBuildPhase section */

/* Begin PBXGroup section */
		403C88CF55CF0D2A33042714 /* Pods */ = {
			isa = PBXGroup;
			children = (
				428FE8BD01B9608136F32DAF /* Pods-SoSoHappy.debug.xcconfig */,
				6DC1BDE15A0D4BC10A1AB242 /* Pods-SoSoHappy.release.xcconfig */,
				3624E46CDE91D314776E6354 /* Pods-SoSoHappy-SoSoHappyUITests.debug.xcconfig */,
				C1A10A6A8627C888A1452131 /* Pods-SoSoHappy-SoSoHappyUITests.release.xcconfig */,
				0221220CF2CBAF485AFDD068 /* Pods-SoSoHappyTests.debug.xcconfig */,
				DFFE590A085245A37A280AE1 /* Pods-SoSoHappyTests.release.xcconfig */,
			);
			path = Pods;
			sourceTree = "<group>";
		};
		67021E5F2A83CB3200B47A6B /* Add */ = {
			isa = PBXGroup;
			children = (
				67021E602A83CB3B00B47A6B /* Coordinator */,
				67021E612A83CB4E00B47A6B /* ViewController */,
				67021E622A83CB5B00B47A6B /* ViewModel */,
			);
			path = Add;
			sourceTree = "<group>";
		};
		67021E602A83CB3B00B47A6B /* Coordinator */ = {
			isa = PBXGroup;
			children = (
				67021E632A83CB9700B47A6B /* Protocol */,
			);
			path = Coordinator;
			sourceTree = "<group>";
		};
		67021E612A83CB4E00B47A6B /* ViewController */ = {
			isa = PBXGroup;
			children = (
				67021E662A83CBCD00B47A6B /* AddStep1ViewController.swift */,
				67CFE3D22A88FBB70085DA40 /* AddStep2ViewController.swift */,
				6759875B2A892BA400910DCF /* AddStep3ViewController.swift */,
				67F92E292A8A0DA60087B2C5 /* TempViewController.swift */,
			);
			path = ViewController;
			sourceTree = "<group>";
		};
		67021E622A83CB5B00B47A6B /* ViewModel */ = {
			isa = PBXGroup;
			children = (
				67021E682A83CBDE00B47A6B /* AddStep1ViewModel.swift */,
				67CFE3D42A8903D60085DA40 /* CategoryButtonCell.swift */,
			);
			path = ViewModel;
			sourceTree = "<group>";
		};
		67021E632A83CB9700B47A6B /* Protocol */ = {
			isa = PBXGroup;
			children = (
				67021E642A83CBB100B47A6B /* AddCoordinator.swift */,
			);
			path = Protocol;
			sourceTree = "<group>";
		};
		6780252F2A950856004123AA /* View */ = {
			isa = PBXGroup;
			children = (
				678025302A95086A004123AA /* ChartView.swift */,
			);
			path = View;
			sourceTree = "<group>";
		};
		67E7DB392A812FF600C33988 /* Sources */ = {
			isa = PBXGroup;
			children = (
				67E7DB3B2A81300E00C33988 /* Data */,
				67E7DB3C2A81302300C33988 /* Domain */,
				67E7DB3D2A81302F00C33988 /* Network */,
				67E7DB3E2A81303900C33988 /* Presentation */,
			);
			path = Sources;
			sourceTree = "<group>";
		};
		67E7DB3A2A812FFE00C33988 /* Resources */ = {
			isa = PBXGroup;
			children = (
				67E7DB462A81343E00C33988 /* Configuration */,
				67E7DB442A8133A500C33988 /* Extension */,
				67E7DB452A81341100C33988 /* Font */,
				800F426B2A794A6E00ACD6C1 /* Assets.xcassets */,
				800F426D2A794A6E00ACD6C1 /* LaunchScreen.storyboard */,
				800F42702A794A6E00ACD6C1 /* Info.plist */,
			);
			path = Resources;
			sourceTree = "<group>";
		};
		67E7DB3B2A81300E00C33988 /* Data */ = {
			isa = PBXGroup;
			children = (
				67E7DB4E2A81350500C33988 /* Repository */,
				67E7DB4F2A81352E00C33988 /* Network */,
			);
			path = Data;
			sourceTree = "<group>";
		};
		67E7DB3C2A81302300C33988 /* Domain */ = {
			isa = PBXGroup;
			children = (
				67E7DB542A81359A00C33988 /* Entities */,
				67E7DB572A8135B100C33988 /* UseCases */,
				67E7DB582A8135EB00C33988 /* Interfaces */,
			);
			path = Domain;
			sourceTree = "<group>";
		};
		67E7DB3D2A81302F00C33988 /* Network */ = {
			isa = PBXGroup;
			children = (
				67E7DB5F2A81363200C33988 /* NetworkService.swift */,
			);
			path = Network;
			sourceTree = "<group>";
		};
		67E7DB3E2A81303900C33988 /* Presentation */ = {
			isa = PBXGroup;
			children = (
				67021E5F2A83CB3200B47A6B /* Add */,
				67E7DB432A8131EA00C33988 /* Login */,
				67E7DB3F2A8130F600C33988 /* Calender */,
				67E7DB402A81318F00C33988 /* Chart */,
				67E7DB412A81319900C33988 /* Feed */,
				67E7DB422A8131A100C33988 /* MyPage */,
			);
			path = Presentation;
			sourceTree = "<group>";
		};
		67E7DB3F2A8130F600C33988 /* Calender */ = {
			isa = PBXGroup;
			children = (
				67E7DB712A8137AA00C33988 /* Coordinator */,
				67E7DB742A8137BB00C33988 /* ViewController */,
				67E7DB852A81385C00C33988 /* ViewModel */,
			);
			path = Calender;
			sourceTree = "<group>";
		};
		67E7DB402A81318F00C33988 /* Chart */ = {
			isa = PBXGroup;
			children = (
				6780252F2A950856004123AA /* View */,
				67E7DB722A8137B200C33988 /* Coordinator */,
				67E7DB752A8137C400C33988 /* ViewController */,
				67E7DB882A81388300C33988 /* ViewModel */,
			);
			path = Chart;
			sourceTree = "<group>";
		};
		67E7DB412A81319900C33988 /* Feed */ = {
			isa = PBXGroup;
			children = (
				67E7DB732A8137B500C33988 /* Coordinator */,
				67E7DB762A8137C800C33988 /* ViewController */,
				67E7DB8B2A8138A700C33988 /* ViewModel */,
			);
			path = Feed;
			sourceTree = "<group>";
		};
		67E7DB422A8131A100C33988 /* MyPage */ = {
			isa = PBXGroup;
			children = (
				67E7DB782A8137D200C33988 /* Coordinator */,
				67E7DB772A8137CF00C33988 /* ViewController */,
				67E7DB8E2A8138C500C33988 /* ViewModel */,
			);
			path = MyPage;
			sourceTree = "<group>";
		};
		67E7DB432A8131EA00C33988 /* Login */ = {
			isa = PBXGroup;
			children = (
				67E7DB692A81370D00C33988 /* Coordinator */,
				67E7DB6A2A81372100C33988 /* ViewController */,
				67E7DB6B2A81373500C33988 /* ViewModel */,
			);
			path = Login;
			sourceTree = "<group>";
		};
		67E7DB442A8133A500C33988 /* Extension */ = {
			isa = PBXGroup;
			children = (
				67E7DB4A2A8134CE00C33988 /* Extensions.swift */,
			);
			path = Extension;
			sourceTree = "<group>";
		};
		67E7DB452A81341100C33988 /* Font */ = {
			isa = PBXGroup;
			children = (
				67E7DB4C2A8134D800C33988 /* Fonts.swift */,
			);
			path = Font;
			sourceTree = "<group>";
		};
		67E7DB462A81343E00C33988 /* Configuration */ = {
			isa = PBXGroup;
			children = (
				67E7DB482A8134C200C33988 /* Constants.swift */,
			);
			path = Configuration;
			sourceTree = "<group>";
		};
		67E7DB472A81347800C33988 /* Application */ = {
			isa = PBXGroup;
			children = (
				800F425F2A794A6D00ACD6C1 /* AppDelegate.swift */,
				800F42612A794A6D00ACD6C1 /* SceneDelegate.swift */,
			);
			path = Application;
			sourceTree = "<group>";
		};
		67E7DB4E2A81350500C33988 /* Repository */ = {
			isa = PBXGroup;
			children = (
				67E7DB502A81356A00C33988 /* Repository.swift */,
			);
			path = Repository;
			sourceTree = "<group>";
		};
		67E7DB4F2A81352E00C33988 /* Network */ = {
			isa = PBXGroup;
			children = (
				67E7DB522A81357100C33988 /* Network.swift */,
			);
			path = Network;
			sourceTree = "<group>";
		};
		67E7DB542A81359A00C33988 /* Entities */ = {
			isa = PBXGroup;
			children = (
				67E7DB592A8135FB00C33988 /* Entity.swift */,
			);
			path = Entities;
			sourceTree = "<group>";
		};
		67E7DB572A8135B100C33988 /* UseCases */ = {
			isa = PBXGroup;
			children = (
				67E7DB5B2A81360400C33988 /* UseCase.swift */,
			);
			path = UseCases;
			sourceTree = "<group>";
		};
		67E7DB582A8135EB00C33988 /* Interfaces */ = {
			isa = PBXGroup;
			children = (
				67E7DB5D2A81360A00C33988 /* Interface.swift */,
			);
			path = Interfaces;
			sourceTree = "<group>";
		};
		67E7DB692A81370D00C33988 /* Coordinator */ = {
			isa = PBXGroup;
			children = (
				67E7DB6C2A81374800C33988 /* Protocol */,
			);
			path = Coordinator;
			sourceTree = "<group>";
		};
		67E7DB6A2A81372100C33988 /* ViewController */ = {
			isa = PBXGroup;
			children = (
				67E7DB612A8136CF00C33988 /* LoginViewController.swift */,
			);
			path = ViewController;
			sourceTree = "<group>";
		};
		67E7DB6B2A81373500C33988 /* ViewModel */ = {
			isa = PBXGroup;
			children = (
				67E7DB6F2A81379F00C33988 /* LoginViewModel.swift */,
			);
			path = ViewModel;
			sourceTree = "<group>";
		};
		67E7DB6C2A81374800C33988 /* Protocol */ = {
			isa = PBXGroup;
			children = (
				67E7DB6D2A81378400C33988 /* LoginCoordinator.swift */,
			);
			path = Protocol;
			sourceTree = "<group>";
		};
		67E7DB712A8137AA00C33988 /* Coordinator */ = {
			isa = PBXGroup;
			children = (
				67E7DB792A8137E700C33988 /* Protocol */,
			);
			path = Coordinator;
			sourceTree = "<group>";
		};
		67E7DB722A8137B200C33988 /* Coordinator */ = {
			isa = PBXGroup;
			children = (
				67E7DB7A2A8137EE00C33988 /* Protocol */,
			);
			path = Coordinator;
			sourceTree = "<group>";
		};
		67E7DB732A8137B500C33988 /* Coordinator */ = {
			isa = PBXGroup;
			children = (
				67E7DB7B2A8137F100C33988 /* Protocol */,
			);
			path = Coordinator;
			sourceTree = "<group>";
		};
		67E7DB742A8137BB00C33988 /* ViewController */ = {
			isa = PBXGroup;
			children = (
				67E7DB632A8136DF00C33988 /* CalenderViewController.swift */,
			);
			path = ViewController;
			sourceTree = "<group>";
		};
		67E7DB752A8137C400C33988 /* ViewController */ = {
			isa = PBXGroup;
			children = (
				67E7DB652A8136EA00C33988 /* ChartViewController.swift */,
			);
			path = ViewController;
			sourceTree = "<group>";
		};
		67E7DB762A8137C800C33988 /* ViewController */ = {
			isa = PBXGroup;
			children = (
				67E7DB672A81370600C33988 /* FeedViewController.swift */,
			);
			path = ViewController;
			sourceTree = "<group>";
		};
		67E7DB772A8137CF00C33988 /* ViewController */ = {
			isa = PBXGroup;
			children = (
				67E7DB912A8138EB00C33988 /* MyPageViewController.swift */,
			);
			path = ViewController;
			sourceTree = "<group>";
		};
		67E7DB782A8137D200C33988 /* Coordinator */ = {
			isa = PBXGroup;
			children = (
				67E7DB7C2A8137F400C33988 /* Protocol */,
			);
			path = Coordinator;
			sourceTree = "<group>";
		};
		67E7DB792A8137E700C33988 /* Protocol */ = {
			isa = PBXGroup;
			children = (
				67E7DB7D2A81380500C33988 /* CalenderCoordinator.swift */,
			);
			path = Protocol;
			sourceTree = "<group>";
		};
		67E7DB7A2A8137EE00C33988 /* Protocol */ = {
			isa = PBXGroup;
			children = (
				67E7DB7F2A81381300C33988 /* ChartCoordinator.swift */,
			);
			path = Protocol;
			sourceTree = "<group>";
		};
		67E7DB7B2A8137F100C33988 /* Protocol */ = {
			isa = PBXGroup;
			children = (
				67E7DB812A81382100C33988 /* FeedCoordinator.swift */,
			);
			path = Protocol;
			sourceTree = "<group>";
		};
		67E7DB7C2A8137F400C33988 /* Protocol */ = {
			isa = PBXGroup;
			children = (
				67E7DB832A81383C00C33988 /* MyPageCoordinator.swift */,
			);
			path = Protocol;
			sourceTree = "<group>";
		};
		67E7DB852A81385C00C33988 /* ViewModel */ = {
			isa = PBXGroup;
			children = (
				67E7DB862A81386B00C33988 /* CalenderViewModel.swift */,
			);
			path = ViewModel;
			sourceTree = "<group>";
		};
		67E7DB882A81388300C33988 /* ViewModel */ = {
			isa = PBXGroup;
			children = (
				67E7DB892A81389C00C33988 /* ChartViewModel.swift */,
			);
			path = ViewModel;
			sourceTree = "<group>";
		};
		67E7DB8B2A8138A700C33988 /* ViewModel */ = {
			isa = PBXGroup;
			children = (
				67E7DB8C2A8138BD00C33988 /* FeedViewModel.swift */,
			);
			path = ViewModel;
			sourceTree = "<group>";
		};
		67E7DB8E2A8138C500C33988 /* ViewModel */ = {
			isa = PBXGroup;
			children = (
				67E7DB8F2A8138D600C33988 /* MyPageViewModel.swift */,
			);
			path = ViewModel;
			sourceTree = "<group>";
		};
		800F42532A794A6D00ACD6C1 = {
			isa = PBXGroup;
			children = (
				67E7DB972A81420400C33988 /* .swiftlint.yml */,
				800F425E2A794A6D00ACD6C1 /* SoSoHappy */,
				800F42782A794A6E00ACD6C1 /* SoSoHappyTests */,
				800F42822A794A6E00ACD6C1 /* SoSoHappyUITests */,
				800F425D2A794A6D00ACD6C1 /* Products */,
				403C88CF55CF0D2A33042714 /* Pods */,
				C6F07C2DC6DFDED59AD1C5B0 /* Frameworks */,
			);
			sourceTree = "<group>";
		};
		800F425D2A794A6D00ACD6C1 /* Products */ = {
			isa = PBXGroup;
			children = (
				800F425C2A794A6D00ACD6C1 /* SoSoHappy.app */,
				800F42752A794A6E00ACD6C1 /* SoSoHappyTests.xctest */,
				800F427F2A794A6E00ACD6C1 /* SoSoHappyUITests.xctest */,
			);
			name = Products;
			sourceTree = "<group>";
		};
		800F425E2A794A6D00ACD6C1 /* SoSoHappy */ = {
			isa = PBXGroup;
			children = (
				67E7DB472A81347800C33988 /* Application */,
				67E7DB3A2A812FFE00C33988 /* Resources */,
				67E7DB392A812FF600C33988 /* Sources */,
				800F42682A794A6D00ACD6C1 /* SoSoHappy.xcdatamodeld */,
			);
			path = SoSoHappy;
			sourceTree = "<group>";
		};
		800F42782A794A6E00ACD6C1 /* SoSoHappyTests */ = {
			isa = PBXGroup;
			children = (
				800F42792A794A6E00ACD6C1 /* SoSoHappyTests.swift */,
			);
			path = SoSoHappyTests;
			sourceTree = "<group>";
		};
		800F42822A794A6E00ACD6C1 /* SoSoHappyUITests */ = {
			isa = PBXGroup;
			children = (
				800F42832A794A6E00ACD6C1 /* SoSoHappyUITests.swift */,
				800F42852A794A6E00ACD6C1 /* SoSoHappyUITestsLaunchTests.swift */,
			);
			path = SoSoHappyUITests;
			sourceTree = "<group>";
		};
		C6F07C2DC6DFDED59AD1C5B0 /* Frameworks */ = {
			isa = PBXGroup;
			children = (
				53A070A28B2E12994EC2AD3B /* Pods_SoSoHappy.framework */,
				156D7DDF0B930D4B4C610CF5 /* Pods_SoSoHappy_SoSoHappyUITests.framework */,
				B5DC235D55E769BC9680AB7B /* Pods_SoSoHappyTests.framework */,
			);
			name = Frameworks;
			sourceTree = "<group>";
		};
/* End PBXGroup section */

/* Begin PBXNativeTarget section */
		800F425B2A794A6D00ACD6C1 /* SoSoHappy */ = {
			isa = PBXNativeTarget;
			buildConfigurationList = 800F42892A794A6E00ACD6C1 /* Build configuration list for PBXNativeTarget "SoSoHappy" */;
			buildPhases = (
				08EDBA7B8440C687AB6BFBAF /* [CP] Check Pods Manifest.lock */,
				67E7DB932A813B7E00C33988 /* SwiftLint Script */,
				800F42582A794A6D00ACD6C1 /* Sources */,
				800F42592A794A6D00ACD6C1 /* Frameworks */,
				800F425A2A794A6D00ACD6C1 /* Resources */,
				EC9E898B64AF22049FD863DF /* [CP] Embed Pods Frameworks */,
			);
			buildRules = (
			);
			dependencies = (
			);
			name = SoSoHappy;
			productName = SoSoHappy;
			productReference = 800F425C2A794A6D00ACD6C1 /* SoSoHappy.app */;
			productType = "com.apple.product-type.application";
		};
		800F42742A794A6E00ACD6C1 /* SoSoHappyTests */ = {
			isa = PBXNativeTarget;
			buildConfigurationList = 800F428C2A794A6E00ACD6C1 /* Build configuration list for PBXNativeTarget "SoSoHappyTests" */;
			buildPhases = (
				440849112F542DB7915FD0CD /* [CP] Check Pods Manifest.lock */,
				800F42712A794A6E00ACD6C1 /* Sources */,
				800F42722A794A6E00ACD6C1 /* Frameworks */,
				800F42732A794A6E00ACD6C1 /* Resources */,
			);
			buildRules = (
			);
			dependencies = (
				800F42772A794A6E00ACD6C1 /* PBXTargetDependency */,
			);
			name = SoSoHappyTests;
			productName = SoSoHappyTests;
			productReference = 800F42752A794A6E00ACD6C1 /* SoSoHappyTests.xctest */;
			productType = "com.apple.product-type.bundle.unit-test";
		};
		800F427E2A794A6E00ACD6C1 /* SoSoHappyUITests */ = {
			isa = PBXNativeTarget;
			buildConfigurationList = 800F428F2A794A6E00ACD6C1 /* Build configuration list for PBXNativeTarget "SoSoHappyUITests" */;
			buildPhases = (
				B0D923359684CB5DE33B8966 /* [CP] Check Pods Manifest.lock */,
				800F427B2A794A6E00ACD6C1 /* Sources */,
				800F427C2A794A6E00ACD6C1 /* Frameworks */,
				800F427D2A794A6E00ACD6C1 /* Resources */,
				D426278AD7D549A7D0BF0AF7 /* [CP] Embed Pods Frameworks */,
			);
			buildRules = (
			);
			dependencies = (
				800F42812A794A6E00ACD6C1 /* PBXTargetDependency */,
			);
			name = SoSoHappyUITests;
			productName = SoSoHappyUITests;
			productReference = 800F427F2A794A6E00ACD6C1 /* SoSoHappyUITests.xctest */;
			productType = "com.apple.product-type.bundle.ui-testing";
		};
/* End PBXNativeTarget section */

/* Begin PBXProject section */
		800F42542A794A6D00ACD6C1 /* Project object */ = {
			isa = PBXProject;
			attributes = {
				BuildIndependentTargetsInParallel = 1;
				LastSwiftUpdateCheck = 1430;
				LastUpgradeCheck = 1430;
				TargetAttributes = {
					800F425B2A794A6D00ACD6C1 = {
						CreatedOnToolsVersion = 14.3.1;
					};
					800F42742A794A6E00ACD6C1 = {
						CreatedOnToolsVersion = 14.3.1;
						TestTargetID = 800F425B2A794A6D00ACD6C1;
					};
					800F427E2A794A6E00ACD6C1 = {
						CreatedOnToolsVersion = 14.3.1;
						TestTargetID = 800F425B2A794A6D00ACD6C1;
					};
				};
			};
			buildConfigurationList = 800F42572A794A6D00ACD6C1 /* Build configuration list for PBXProject "SoSoHappy" */;
			compatibilityVersion = "Xcode 14.0";
			developmentRegion = en;
			hasScannedForEncodings = 0;
			knownRegions = (
				en,
				Base,
			);
			mainGroup = 800F42532A794A6D00ACD6C1;
			productRefGroup = 800F425D2A794A6D00ACD6C1 /* Products */;
			projectDirPath = "";
			projectRoot = "";
			targets = (
				800F425B2A794A6D00ACD6C1 /* SoSoHappy */,
				800F42742A794A6E00ACD6C1 /* SoSoHappyTests */,
				800F427E2A794A6E00ACD6C1 /* SoSoHappyUITests */,
			);
		};
/* End PBXProject section */

/* Begin PBXResourcesBuildPhase section */
		800F425A2A794A6D00ACD6C1 /* Resources */ = {
			isa = PBXResourcesBuildPhase;
			buildActionMask = 2147483647;
			files = (
				67E7DB982A81420400C33988 /* .swiftlint.yml in Resources */,
				800F426F2A794A6E00ACD6C1 /* LaunchScreen.storyboard in Resources */,
				800F426C2A794A6E00ACD6C1 /* Assets.xcassets in Resources */,
			);
			runOnlyForDeploymentPostprocessing = 0;
		};
		800F42732A794A6E00ACD6C1 /* Resources */ = {
			isa = PBXResourcesBuildPhase;
			buildActionMask = 2147483647;
			files = (
			);
			runOnlyForDeploymentPostprocessing = 0;
		};
		800F427D2A794A6E00ACD6C1 /* Resources */ = {
			isa = PBXResourcesBuildPhase;
			buildActionMask = 2147483647;
			files = (
			);
			runOnlyForDeploymentPostprocessing = 0;
		};
/* End PBXResourcesBuildPhase section */

/* Begin PBXShellScriptBuildPhase section */
		08EDBA7B8440C687AB6BFBAF /* [CP] Check Pods Manifest.lock */ = {
			isa = PBXShellScriptBuildPhase;
			buildActionMask = 2147483647;
			files = (
			);
			inputFileListPaths = (
			);
			inputPaths = (
				"${PODS_PODFILE_DIR_PATH}/Podfile.lock",
				"${PODS_ROOT}/Manifest.lock",
			);
			name = "[CP] Check Pods Manifest.lock";
			outputFileListPaths = (
			);
			outputPaths = (
				"$(DERIVED_FILE_DIR)/Pods-SoSoHappy-checkManifestLockResult.txt",
			);
			runOnlyForDeploymentPostprocessing = 0;
			shellPath = /bin/sh;
			shellScript = "diff \"${PODS_PODFILE_DIR_PATH}/Podfile.lock\" \"${PODS_ROOT}/Manifest.lock\" > /dev/null\nif [ $? != 0 ] ; then\n    # print error to STDERR\n    echo \"error: The sandbox is not in sync with the Podfile.lock. Run 'pod install' or update your CocoaPods installation.\" >&2\n    exit 1\nfi\n# This output is used by Xcode 'outputs' to avoid re-running this script phase.\necho \"SUCCESS\" > \"${SCRIPT_OUTPUT_FILE_0}\"\n";
			showEnvVarsInLog = 0;
		};
		440849112F542DB7915FD0CD /* [CP] Check Pods Manifest.lock */ = {
			isa = PBXShellScriptBuildPhase;
			buildActionMask = 2147483647;
			files = (
			);
			inputFileListPaths = (
			);
			inputPaths = (
				"${PODS_PODFILE_DIR_PATH}/Podfile.lock",
				"${PODS_ROOT}/Manifest.lock",
			);
			name = "[CP] Check Pods Manifest.lock";
			outputFileListPaths = (
			);
			outputPaths = (
				"$(DERIVED_FILE_DIR)/Pods-SoSoHappyTests-checkManifestLockResult.txt",
			);
			runOnlyForDeploymentPostprocessing = 0;
			shellPath = /bin/sh;
			shellScript = "diff \"${PODS_PODFILE_DIR_PATH}/Podfile.lock\" \"${PODS_ROOT}/Manifest.lock\" > /dev/null\nif [ $? != 0 ] ; then\n    # print error to STDERR\n    echo \"error: The sandbox is not in sync with the Podfile.lock. Run 'pod install' or update your CocoaPods installation.\" >&2\n    exit 1\nfi\n# This output is used by Xcode 'outputs' to avoid re-running this script phase.\necho \"SUCCESS\" > \"${SCRIPT_OUTPUT_FILE_0}\"\n";
			showEnvVarsInLog = 0;
		};
		67E7DB932A813B7E00C33988 /* SwiftLint Script */ = {
			isa = PBXShellScriptBuildPhase;
			buildActionMask = 8;
			files = (
			);
			inputFileListPaths = (
			);
			inputPaths = (
			);
			name = "SwiftLint Script";
			outputFileListPaths = (
			);
			outputPaths = (
			);
			runOnlyForDeploymentPostprocessing = 1;
			shellPath = /bin/sh;
			shellScript = "# Type a script or drag a script file from your workspace to insert its path.\nif which swiftlint > /dev/null; then\n  swiftlint\nelse\n  echo \"warning: SwiftLint not installed, download from https://github.com/realm/SwiftLint\"\nfi\n";
		};
		B0D923359684CB5DE33B8966 /* [CP] Check Pods Manifest.lock */ = {
			isa = PBXShellScriptBuildPhase;
			buildActionMask = 2147483647;
			files = (
			);
			inputFileListPaths = (
			);
			inputPaths = (
				"${PODS_PODFILE_DIR_PATH}/Podfile.lock",
				"${PODS_ROOT}/Manifest.lock",
			);
			name = "[CP] Check Pods Manifest.lock";
			outputFileListPaths = (
			);
			outputPaths = (
				"$(DERIVED_FILE_DIR)/Pods-SoSoHappy-SoSoHappyUITests-checkManifestLockResult.txt",
			);
			runOnlyForDeploymentPostprocessing = 0;
			shellPath = /bin/sh;
			shellScript = "diff \"${PODS_PODFILE_DIR_PATH}/Podfile.lock\" \"${PODS_ROOT}/Manifest.lock\" > /dev/null\nif [ $? != 0 ] ; then\n    # print error to STDERR\n    echo \"error: The sandbox is not in sync with the Podfile.lock. Run 'pod install' or update your CocoaPods installation.\" >&2\n    exit 1\nfi\n# This output is used by Xcode 'outputs' to avoid re-running this script phase.\necho \"SUCCESS\" > \"${SCRIPT_OUTPUT_FILE_0}\"\n";
			showEnvVarsInLog = 0;
		};
		D426278AD7D549A7D0BF0AF7 /* [CP] Embed Pods Frameworks */ = {
			isa = PBXShellScriptBuildPhase;
			buildActionMask = 2147483647;
			files = (
			);
			inputFileListPaths = (
				"${PODS_ROOT}/Target Support Files/Pods-SoSoHappy-SoSoHappyUITests/Pods-SoSoHappy-SoSoHappyUITests-frameworks-${CONFIGURATION}-input-files.xcfilelist",
			);
			name = "[CP] Embed Pods Frameworks";
			outputFileListPaths = (
				"${PODS_ROOT}/Target Support Files/Pods-SoSoHappy-SoSoHappyUITests/Pods-SoSoHappy-SoSoHappyUITests-frameworks-${CONFIGURATION}-output-files.xcfilelist",
			);
			runOnlyForDeploymentPostprocessing = 0;
			shellPath = /bin/sh;
			shellScript = "\"${PODS_ROOT}/Target Support Files/Pods-SoSoHappy-SoSoHappyUITests/Pods-SoSoHappy-SoSoHappyUITests-frameworks.sh\"\n";
			showEnvVarsInLog = 0;
		};
		EC9E898B64AF22049FD863DF /* [CP] Embed Pods Frameworks */ = {
			isa = PBXShellScriptBuildPhase;
			buildActionMask = 2147483647;
			files = (
			);
			inputFileListPaths = (
				"${PODS_ROOT}/Target Support Files/Pods-SoSoHappy/Pods-SoSoHappy-frameworks-${CONFIGURATION}-input-files.xcfilelist",
			);
			name = "[CP] Embed Pods Frameworks";
			outputFileListPaths = (
				"${PODS_ROOT}/Target Support Files/Pods-SoSoHappy/Pods-SoSoHappy-frameworks-${CONFIGURATION}-output-files.xcfilelist",
			);
			runOnlyForDeploymentPostprocessing = 0;
			shellPath = /bin/sh;
			shellScript = "\"${PODS_ROOT}/Target Support Files/Pods-SoSoHappy/Pods-SoSoHappy-frameworks.sh\"\n";
			showEnvVarsInLog = 0;
		};
/* End PBXShellScriptBuildPhase section */

/* Begin PBXSourcesBuildPhase section */
		800F42582A794A6D00ACD6C1 /* Sources */ = {
			isa = PBXSourcesBuildPhase;
			buildActionMask = 2147483647;
			files = (
				67E7DB8D2A8138BD00C33988 /* FeedViewModel.swift in Sources */,
				67E7DB6E2A81378400C33988 /* LoginCoordinator.swift in Sources */,
				67E7DB872A81386B00C33988 /* CalenderViewModel.swift in Sources */,
				678025312A95086A004123AA /* ChartView.swift in Sources */,
				67E7DB512A81356A00C33988 /* Repository.swift in Sources */,
				67F92E2A2A8A0DA60087B2C5 /* TempViewController.swift in Sources */,
				67E7DB4B2A8134CE00C33988 /* Extensions.swift in Sources */,
				67E7DB802A81381300C33988 /* ChartCoordinator.swift in Sources */,
				67E7DB532A81357100C33988 /* Network.swift in Sources */,
				800F426A2A794A6D00ACD6C1 /* SoSoHappy.xcdatamodeld in Sources */,
				67E7DB642A8136DF00C33988 /* CalenderViewController.swift in Sources */,
				800F42602A794A6D00ACD6C1 /* AppDelegate.swift in Sources */,
				67E7DB922A8138EB00C33988 /* MyPageViewController.swift in Sources */,
				67E7DB682A81370600C33988 /* FeedViewController.swift in Sources */,
				67E7DB7E2A81380500C33988 /* CalenderCoordinator.swift in Sources */,
				67CFE3D52A8903D60085DA40 /* CategoryButtonCell.swift in Sources */,
				67021E672A83CBCD00B47A6B /* AddStep1ViewController.swift in Sources */,
				67E7DB822A81382100C33988 /* FeedCoordinator.swift in Sources */,
				67E7DB902A8138D600C33988 /* MyPageViewModel.swift in Sources */,
				67E7DB702A81379F00C33988 /* LoginViewModel.swift in Sources */,
				67E7DB5C2A81360400C33988 /* UseCase.swift in Sources */,
				67021E692A83CBDE00B47A6B /* AddStep1ViewModel.swift in Sources */,
				67CFE3D32A88FBB70085DA40 /* AddStep2ViewController.swift in Sources */,
				67E7DB842A81383C00C33988 /* MyPageCoordinator.swift in Sources */,
				67E7DB5A2A8135FB00C33988 /* Entity.swift in Sources */,
				800F42622A794A6D00ACD6C1 /* SceneDelegate.swift in Sources */,
				67021E652A83CBB100B47A6B /* AddCoordinator.swift in Sources */,
				67E7DB5E2A81360A00C33988 /* Interface.swift in Sources */,
				67E7DB4D2A8134D800C33988 /* Fonts.swift in Sources */,
				67E7DB602A81363200C33988 /* NetworkService.swift in Sources */,
				67E7DB622A8136CF00C33988 /* LoginViewController.swift in Sources */,
				6759875C2A892BA400910DCF /* AddStep3ViewController.swift in Sources */,
				67E7DB8A2A81389C00C33988 /* ChartViewModel.swift in Sources */,
				67E7DB492A8134C200C33988 /* Constants.swift in Sources */,
				67E7DB662A8136EA00C33988 /* ChartViewController.swift in Sources */,
			);
			runOnlyForDeploymentPostprocessing = 0;
		};
		800F42712A794A6E00ACD6C1 /* Sources */ = {
			isa = PBXSourcesBuildPhase;
			buildActionMask = 2147483647;
			files = (
				800F427A2A794A6E00ACD6C1 /* SoSoHappyTests.swift in Sources */,
			);
			runOnlyForDeploymentPostprocessing = 0;
		};
		800F427B2A794A6E00ACD6C1 /* Sources */ = {
			isa = PBXSourcesBuildPhase;
			buildActionMask = 2147483647;
			files = (
				800F42842A794A6E00ACD6C1 /* SoSoHappyUITests.swift in Sources */,
				800F42862A794A6E00ACD6C1 /* SoSoHappyUITestsLaunchTests.swift in Sources */,
			);
			runOnlyForDeploymentPostprocessing = 0;
		};
/* End PBXSourcesBuildPhase section */

/* Begin PBXTargetDependency section */
		800F42772A794A6E00ACD6C1 /* PBXTargetDependency */ = {
			isa = PBXTargetDependency;
			target = 800F425B2A794A6D00ACD6C1 /* SoSoHappy */;
			targetProxy = 800F42762A794A6E00ACD6C1 /* PBXContainerItemProxy */;
		};
		800F42812A794A6E00ACD6C1 /* PBXTargetDependency */ = {
			isa = PBXTargetDependency;
			target = 800F425B2A794A6D00ACD6C1 /* SoSoHappy */;
			targetProxy = 800F42802A794A6E00ACD6C1 /* PBXContainerItemProxy */;
		};
/* End PBXTargetDependency section */

/* Begin PBXVariantGroup section */
		800F426D2A794A6E00ACD6C1 /* LaunchScreen.storyboard */ = {
			isa = PBXVariantGroup;
			children = (
				800F426E2A794A6E00ACD6C1 /* Base */,
			);
			name = LaunchScreen.storyboard;
			sourceTree = "<group>";
		};
/* End PBXVariantGroup section */

/* Begin XCBuildConfiguration section */
		800F42872A794A6E00ACD6C1 /* Debug */ = {
			isa = XCBuildConfiguration;
			buildSettings = {
				ALWAYS_SEARCH_USER_PATHS = NO;
				CLANG_ANALYZER_NONNULL = YES;
				CLANG_ANALYZER_NUMBER_OBJECT_CONVERSION = YES_AGGRESSIVE;
				CLANG_CXX_LANGUAGE_STANDARD = "gnu++20";
				CLANG_ENABLE_MODULES = YES;
				CLANG_ENABLE_OBJC_ARC = YES;
				CLANG_ENABLE_OBJC_WEAK = YES;
				CLANG_WARN_BLOCK_CAPTURE_AUTORELEASING = YES;
				CLANG_WARN_BOOL_CONVERSION = YES;
				CLANG_WARN_COMMA = YES;
				CLANG_WARN_CONSTANT_CONVERSION = YES;
				CLANG_WARN_DEPRECATED_OBJC_IMPLEMENTATIONS = YES;
				CLANG_WARN_DIRECT_OBJC_ISA_USAGE = YES_ERROR;
				CLANG_WARN_DOCUMENTATION_COMMENTS = YES;
				CLANG_WARN_EMPTY_BODY = YES;
				CLANG_WARN_ENUM_CONVERSION = YES;
				CLANG_WARN_INFINITE_RECURSION = YES;
				CLANG_WARN_INT_CONVERSION = YES;
				CLANG_WARN_NON_LITERAL_NULL_CONVERSION = YES;
				CLANG_WARN_OBJC_IMPLICIT_RETAIN_SELF = YES;
				CLANG_WARN_OBJC_LITERAL_CONVERSION = YES;
				CLANG_WARN_OBJC_ROOT_CLASS = YES_ERROR;
				CLANG_WARN_QUOTED_INCLUDE_IN_FRAMEWORK_HEADER = YES;
				CLANG_WARN_RANGE_LOOP_ANALYSIS = YES;
				CLANG_WARN_STRICT_PROTOTYPES = YES;
				CLANG_WARN_SUSPICIOUS_MOVE = YES;
				CLANG_WARN_UNGUARDED_AVAILABILITY = YES_AGGRESSIVE;
				CLANG_WARN_UNREACHABLE_CODE = YES;
				CLANG_WARN__DUPLICATE_METHOD_MATCH = YES;
				COPY_PHASE_STRIP = NO;
				DEBUG_INFORMATION_FORMAT = dwarf;
				ENABLE_STRICT_OBJC_MSGSEND = YES;
				ENABLE_TESTABILITY = YES;
				GCC_C_LANGUAGE_STANDARD = gnu11;
				GCC_DYNAMIC_NO_PIC = NO;
				GCC_NO_COMMON_BLOCKS = YES;
				GCC_OPTIMIZATION_LEVEL = 0;
				GCC_PREPROCESSOR_DEFINITIONS = (
					"DEBUG=1",
					"$(inherited)",
				);
				GCC_WARN_64_TO_32_BIT_CONVERSION = YES;
				GCC_WARN_ABOUT_RETURN_TYPE = YES_ERROR;
				GCC_WARN_UNDECLARED_SELECTOR = YES;
				GCC_WARN_UNINITIALIZED_AUTOS = YES_AGGRESSIVE;
				GCC_WARN_UNUSED_FUNCTION = YES;
				GCC_WARN_UNUSED_VARIABLE = YES;
				IPHONEOS_DEPLOYMENT_TARGET = 16.4;
				MTL_ENABLE_DEBUG_INFO = INCLUDE_SOURCE;
				MTL_FAST_MATH = YES;
				ONLY_ACTIVE_ARCH = YES;
				SDKROOT = iphoneos;
				SWIFT_ACTIVE_COMPILATION_CONDITIONS = DEBUG;
				SWIFT_OPTIMIZATION_LEVEL = "-Onone";
			};
			name = Debug;
		};
		800F42882A794A6E00ACD6C1 /* Release */ = {
			isa = XCBuildConfiguration;
			buildSettings = {
				ALWAYS_SEARCH_USER_PATHS = NO;
				CLANG_ANALYZER_NONNULL = YES;
				CLANG_ANALYZER_NUMBER_OBJECT_CONVERSION = YES_AGGRESSIVE;
				CLANG_CXX_LANGUAGE_STANDARD = "gnu++20";
				CLANG_ENABLE_MODULES = YES;
				CLANG_ENABLE_OBJC_ARC = YES;
				CLANG_ENABLE_OBJC_WEAK = YES;
				CLANG_WARN_BLOCK_CAPTURE_AUTORELEASING = YES;
				CLANG_WARN_BOOL_CONVERSION = YES;
				CLANG_WARN_COMMA = YES;
				CLANG_WARN_CONSTANT_CONVERSION = YES;
				CLANG_WARN_DEPRECATED_OBJC_IMPLEMENTATIONS = YES;
				CLANG_WARN_DIRECT_OBJC_ISA_USAGE = YES_ERROR;
				CLANG_WARN_DOCUMENTATION_COMMENTS = YES;
				CLANG_WARN_EMPTY_BODY = YES;
				CLANG_WARN_ENUM_CONVERSION = YES;
				CLANG_WARN_INFINITE_RECURSION = YES;
				CLANG_WARN_INT_CONVERSION = YES;
				CLANG_WARN_NON_LITERAL_NULL_CONVERSION = YES;
				CLANG_WARN_OBJC_IMPLICIT_RETAIN_SELF = YES;
				CLANG_WARN_OBJC_LITERAL_CONVERSION = YES;
				CLANG_WARN_OBJC_ROOT_CLASS = YES_ERROR;
				CLANG_WARN_QUOTED_INCLUDE_IN_FRAMEWORK_HEADER = YES;
				CLANG_WARN_RANGE_LOOP_ANALYSIS = YES;
				CLANG_WARN_STRICT_PROTOTYPES = YES;
				CLANG_WARN_SUSPICIOUS_MOVE = YES;
				CLANG_WARN_UNGUARDED_AVAILABILITY = YES_AGGRESSIVE;
				CLANG_WARN_UNREACHABLE_CODE = YES;
				CLANG_WARN__DUPLICATE_METHOD_MATCH = YES;
				COPY_PHASE_STRIP = NO;
				DEBUG_INFORMATION_FORMAT = "dwarf-with-dsym";
				ENABLE_NS_ASSERTIONS = NO;
				ENABLE_STRICT_OBJC_MSGSEND = YES;
				GCC_C_LANGUAGE_STANDARD = gnu11;
				GCC_NO_COMMON_BLOCKS = YES;
				GCC_WARN_64_TO_32_BIT_CONVERSION = YES;
				GCC_WARN_ABOUT_RETURN_TYPE = YES_ERROR;
				GCC_WARN_UNDECLARED_SELECTOR = YES;
				GCC_WARN_UNINITIALIZED_AUTOS = YES_AGGRESSIVE;
				GCC_WARN_UNUSED_FUNCTION = YES;
				GCC_WARN_UNUSED_VARIABLE = YES;
				IPHONEOS_DEPLOYMENT_TARGET = 16.4;
				MTL_ENABLE_DEBUG_INFO = NO;
				MTL_FAST_MATH = YES;
				SDKROOT = iphoneos;
				SWIFT_COMPILATION_MODE = wholemodule;
				SWIFT_OPTIMIZATION_LEVEL = "-O";
				VALIDATE_PRODUCT = YES;
			};
			name = Release;
		};
		800F428A2A794A6E00ACD6C1 /* Debug */ = {
			isa = XCBuildConfiguration;
			baseConfigurationReference = 428FE8BD01B9608136F32DAF /* Pods-SoSoHappy.debug.xcconfig */;
			buildSettings = {
				ASSETCATALOG_COMPILER_APPICON_NAME = AppIcon;
				ASSETCATALOG_COMPILER_GLOBAL_ACCENT_COLOR_NAME = AccentColor;
				CODE_SIGN_STYLE = Automatic;
				CURRENT_PROJECT_VERSION = 1;
				GENERATE_INFOPLIST_FILE = YES;
				INFOPLIST_FILE = SoSoHappy/Resources/Info.plist;
				INFOPLIST_KEY_UIApplicationSupportsIndirectInputEvents = YES;
				INFOPLIST_KEY_UILaunchStoryboardName = LaunchScreen;
				INFOPLIST_KEY_UISupportedInterfaceOrientations_iPad = "UIInterfaceOrientationPortrait UIInterfaceOrientationPortraitUpsideDown UIInterfaceOrientationLandscapeLeft UIInterfaceOrientationLandscapeRight";
				INFOPLIST_KEY_UISupportedInterfaceOrientations_iPhone = "UIInterfaceOrientationPortrait UIInterfaceOrientationLandscapeLeft UIInterfaceOrientationLandscapeRight";
				LD_RUNPATH_SEARCH_PATHS = (
					"$(inherited)",
					"@executable_path/Frameworks",
				);
				MARKETING_VERSION = 1.0;
				PRODUCT_BUNDLE_IDENTIFIER = com.sosohappy.SoSoHappy;
				PRODUCT_NAME = "$(TARGET_NAME)";
				SUPPORTED_PLATFORMS = "iphoneos iphonesimulator";
				SUPPORTS_MACCATALYST = NO;
				SUPPORTS_MAC_DESIGNED_FOR_IPHONE_IPAD = NO;
				SWIFT_EMIT_LOC_STRINGS = YES;
				SWIFT_VERSION = 5.0;
				TARGETED_DEVICE_FAMILY = 1;
			};
			name = Debug;
		};
		800F428B2A794A6E00ACD6C1 /* Release */ = {
			isa = XCBuildConfiguration;
			baseConfigurationReference = 6DC1BDE15A0D4BC10A1AB242 /* Pods-SoSoHappy.release.xcconfig */;
			buildSettings = {
				ASSETCATALOG_COMPILER_APPICON_NAME = AppIcon;
				ASSETCATALOG_COMPILER_GLOBAL_ACCENT_COLOR_NAME = AccentColor;
				CODE_SIGN_STYLE = Automatic;
				CURRENT_PROJECT_VERSION = 1;
				GENERATE_INFOPLIST_FILE = YES;
				INFOPLIST_FILE = SoSoHappy/Resources/Info.plist;
				INFOPLIST_KEY_UIApplicationSupportsIndirectInputEvents = YES;
				INFOPLIST_KEY_UILaunchStoryboardName = LaunchScreen;
				INFOPLIST_KEY_UISupportedInterfaceOrientations_iPad = "UIInterfaceOrientationPortrait UIInterfaceOrientationPortraitUpsideDown UIInterfaceOrientationLandscapeLeft UIInterfaceOrientationLandscapeRight";
				INFOPLIST_KEY_UISupportedInterfaceOrientations_iPhone = "UIInterfaceOrientationPortrait UIInterfaceOrientationLandscapeLeft UIInterfaceOrientationLandscapeRight";
				LD_RUNPATH_SEARCH_PATHS = (
					"$(inherited)",
					"@executable_path/Frameworks",
				);
				MARKETING_VERSION = 1.0;
				PRODUCT_BUNDLE_IDENTIFIER = com.sosohappy.SoSoHappy;
				PRODUCT_NAME = "$(TARGET_NAME)";
				SUPPORTED_PLATFORMS = "iphoneos iphonesimulator";
				SUPPORTS_MACCATALYST = NO;
				SUPPORTS_MAC_DESIGNED_FOR_IPHONE_IPAD = NO;
				SWIFT_EMIT_LOC_STRINGS = YES;
				SWIFT_VERSION = 5.0;
				TARGETED_DEVICE_FAMILY = 1;
			};
			name = Release;
		};
		800F428D2A794A6E00ACD6C1 /* Debug */ = {
			isa = XCBuildConfiguration;
			baseConfigurationReference = 0221220CF2CBAF485AFDD068 /* Pods-SoSoHappyTests.debug.xcconfig */;
			buildSettings = {
				ALWAYS_EMBED_SWIFT_STANDARD_LIBRARIES = YES;
				BUNDLE_LOADER = "$(TEST_HOST)";
				CODE_SIGN_STYLE = Automatic;
				CURRENT_PROJECT_VERSION = 1;
				GENERATE_INFOPLIST_FILE = YES;
				IPHONEOS_DEPLOYMENT_TARGET = 16.4;
				MARKETING_VERSION = 1.0;
				PRODUCT_BUNDLE_IDENTIFIER = com.sosohappy.SoSoHappyTests;
				PRODUCT_NAME = "$(TARGET_NAME)";
				SWIFT_EMIT_LOC_STRINGS = NO;
				SWIFT_VERSION = 5.0;
				TARGETED_DEVICE_FAMILY = "1,2";
				TEST_HOST = "$(BUILT_PRODUCTS_DIR)/SoSoHappy.app/$(BUNDLE_EXECUTABLE_FOLDER_PATH)/SoSoHappy";
			};
			name = Debug;
		};
		800F428E2A794A6E00ACD6C1 /* Release */ = {
			isa = XCBuildConfiguration;
			baseConfigurationReference = DFFE590A085245A37A280AE1 /* Pods-SoSoHappyTests.release.xcconfig */;
			buildSettings = {
				ALWAYS_EMBED_SWIFT_STANDARD_LIBRARIES = YES;
				BUNDLE_LOADER = "$(TEST_HOST)";
				CODE_SIGN_STYLE = Automatic;
				CURRENT_PROJECT_VERSION = 1;
				GENERATE_INFOPLIST_FILE = YES;
				IPHONEOS_DEPLOYMENT_TARGET = 16.4;
				MARKETING_VERSION = 1.0;
				PRODUCT_BUNDLE_IDENTIFIER = com.sosohappy.SoSoHappyTests;
				PRODUCT_NAME = "$(TARGET_NAME)";
				SWIFT_EMIT_LOC_STRINGS = NO;
				SWIFT_VERSION = 5.0;
				TARGETED_DEVICE_FAMILY = "1,2";
				TEST_HOST = "$(BUILT_PRODUCTS_DIR)/SoSoHappy.app/$(BUNDLE_EXECUTABLE_FOLDER_PATH)/SoSoHappy";
			};
			name = Release;
		};
		800F42902A794A6E00ACD6C1 /* Debug */ = {
			isa = XCBuildConfiguration;
			baseConfigurationReference = 3624E46CDE91D314776E6354 /* Pods-SoSoHappy-SoSoHappyUITests.debug.xcconfig */;
			buildSettings = {
				ALWAYS_EMBED_SWIFT_STANDARD_LIBRARIES = YES;
				CODE_SIGN_STYLE = Automatic;
				CURRENT_PROJECT_VERSION = 1;
				GENERATE_INFOPLIST_FILE = YES;
				MARKETING_VERSION = 1.0;
				PRODUCT_BUNDLE_IDENTIFIER = com.sosohappy.SoSoHappyUITests;
				PRODUCT_NAME = "$(TARGET_NAME)";
				SWIFT_EMIT_LOC_STRINGS = NO;
				SWIFT_VERSION = 5.0;
				TARGETED_DEVICE_FAMILY = "1,2";
				TEST_TARGET_NAME = SoSoHappy;
			};
			name = Debug;
		};
		800F42912A794A6E00ACD6C1 /* Release */ = {
			isa = XCBuildConfiguration;
			baseConfigurationReference = C1A10A6A8627C888A1452131 /* Pods-SoSoHappy-SoSoHappyUITests.release.xcconfig */;
			buildSettings = {
				ALWAYS_EMBED_SWIFT_STANDARD_LIBRARIES = YES;
				CODE_SIGN_STYLE = Automatic;
				CURRENT_PROJECT_VERSION = 1;
				GENERATE_INFOPLIST_FILE = YES;
				MARKETING_VERSION = 1.0;
				PRODUCT_BUNDLE_IDENTIFIER = com.sosohappy.SoSoHappyUITests;
				PRODUCT_NAME = "$(TARGET_NAME)";
				SWIFT_EMIT_LOC_STRINGS = NO;
				SWIFT_VERSION = 5.0;
				TARGETED_DEVICE_FAMILY = "1,2";
				TEST_TARGET_NAME = SoSoHappy;
			};
			name = Release;
		};
/* End XCBuildConfiguration section */

/* Begin XCConfigurationList section */
		800F42572A794A6D00ACD6C1 /* Build configuration list for PBXProject "SoSoHappy" */ = {
			isa = XCConfigurationList;
			buildConfigurations = (
				800F42872A794A6E00ACD6C1 /* Debug */,
				800F42882A794A6E00ACD6C1 /* Release */,
			);
			defaultConfigurationIsVisible = 0;
			defaultConfigurationName = Release;
		};
		800F42892A794A6E00ACD6C1 /* Build configuration list for PBXNativeTarget "SoSoHappy" */ = {
			isa = XCConfigurationList;
			buildConfigurations = (
				800F428A2A794A6E00ACD6C1 /* Debug */,
				800F428B2A794A6E00ACD6C1 /* Release */,
			);
			defaultConfigurationIsVisible = 0;
			defaultConfigurationName = Release;
		};
		800F428C2A794A6E00ACD6C1 /* Build configuration list for PBXNativeTarget "SoSoHappyTests" */ = {
			isa = XCConfigurationList;
			buildConfigurations = (
				800F428D2A794A6E00ACD6C1 /* Debug */,
				800F428E2A794A6E00ACD6C1 /* Release */,
			);
			defaultConfigurationIsVisible = 0;
			defaultConfigurationName = Release;
		};
		800F428F2A794A6E00ACD6C1 /* Build configuration list for PBXNativeTarget "SoSoHappyUITests" */ = {
			isa = XCConfigurationList;
			buildConfigurations = (
				800F42902A794A6E00ACD6C1 /* Debug */,
				800F42912A794A6E00ACD6C1 /* Release */,
			);
			defaultConfigurationIsVisible = 0;
			defaultConfigurationName = Release;
		};
/* End XCConfigurationList section */

/* Begin XCVersionGroup section */
		800F42682A794A6D00ACD6C1 /* SoSoHappy.xcdatamodeld */ = {
			isa = XCVersionGroup;
			children = (
				800F42692A794A6D00ACD6C1 /* SoSoHappy.xcdatamodel */,
			);
			currentVersion = 800F42692A794A6D00ACD6C1 /* SoSoHappy.xcdatamodel */;
			path = SoSoHappy.xcdatamodeld;
			sourceTree = "<group>";
			versionGroupType = wrapper.xcdatamodel;
		};
/* End XCVersionGroup section */
	};
	rootObject = 800F42542A794A6D00ACD6C1 /* Project object */;
}
